
Microsoft Visual Studio Solution File, Format Version 12.00
# Visual Studio Version 17
VisualStudioVersion = 17.5.33627.172
MinimumVisualStudioVersion = 10.0.40219.1
Project("{9A19103F-16F7-4668-BE54-9A1E7A4F7556}") = "Ejer_con_Lista", "EJERCICIO3\Ejer_con_Lista.csproj", "{FFE3A691-AABA-4BA0-A549-ED044492E380}"
EndProject
Global
	GlobalSection(SolutionConfigurationPlatforms) = preSolution
		Debug|Any CPU = Debug|Any CPU
		Release|Any CPU = Release|Any CPU
	EndGlobalSection
	GlobalSection(ProjectConfigurationPlatforms) = postSolution
		{FFE3A691-AABA-4BA0-A549-ED044492E380}.Debug|Any CPU.ActiveCfg = Debug|Any CPU
		{FFE3A691-AABA-4BA0-A549-ED044492E380}.Debug|Any CPU.Build.0 = Debug|Any CPU
		{FFE3A691-AABA-4BA0-A549-ED044492E380}.Release|Any CPU.ActiveCfg = Release|Any CPU
		{FFE3A691-AABA-4BA0-A549-ED044492E380}.Release|Any CPU.Build.0 = Release|Any CPU
	EndGlobalSection
	GlobalSection(SolutionProperties) = preSolution
		HideSolutionNode = FALSE
	EndGlobalSection
	GlobalSection(ExtensibilityGlobals) = postSolution
		SolutionGuid = {1794EB66-C9DC-441A-9D76-A8240692AA58}
	EndGlobalSection
EndGlobal
