
Microsoft Visual Studio Solution File, Format Version 12.00
# Visual Studio Version 17
VisualStudioVersion = 17.5.33516.290
MinimumVisualStudioVersion = 10.0.40219.1
Project("{FAE04EC0-301F-11D3-BF4B-00C04F79EFBC}") = "Ejercicios_Variados_ChristianMaldonado", "Ejercicios_Variados_ChristianMaldonado\Ejercicios_Variados_ChristianMaldonado.csproj", "{45A81562-3F3F-40A8-8ADB-303A36D87E14}"
EndProject
Global
	GlobalSection(SolutionConfigurationPlatforms) = preSolution
		Debug|Any CPU = Debug|Any CPU
		Release|Any CPU = Release|Any CPU
	EndGlobalSection
	GlobalSection(ProjectConfigurationPlatforms) = postSolution
		{45A81562-3F3F-40A8-8ADB-303A36D87E14}.Debug|Any CPU.ActiveCfg = Debug|Any CPU
		{45A81562-3F3F-40A8-8ADB-303A36D87E14}.Debug|Any CPU.Build.0 = Debug|Any CPU
		{45A81562-3F3F-40A8-8ADB-303A36D87E14}.Release|Any CPU.ActiveCfg = Release|Any CPU
		{45A81562-3F3F-40A8-8ADB-303A36D87E14}.Release|Any CPU.Build.0 = Release|Any CPU
	EndGlobalSection
	GlobalSection(SolutionProperties) = preSolution
		HideSolutionNode = FALSE
	EndGlobalSection
	GlobalSection(ExtensibilityGlobals) = postSolution
		SolutionGuid = {47A7B3DE-5C06-461E-88AE-22BAFCB13458}
	EndGlobalSection
EndGlobal
