
Microsoft Visual Studio Solution File, Format Version 12.00
# Visual Studio Version 17
VisualStudioVersion = 17.5.33516.290
MinimumVisualStudioVersion = 10.0.40219.1
Project("{FAE04EC0-301F-11D3-BF4B-00C04F79EFBC}") = "Do_While_ChristianMaldonado", "Do_While_ChristianMaldonado\Do_While_ChristianMaldonado.csproj", "{6AFB0969-216D-4DDF-9E8E-7D128CAB62F3}"
EndProject
Global
	GlobalSection(SolutionConfigurationPlatforms) = preSolution
		Debug|Any CPU = Debug|Any CPU
		Release|Any CPU = Release|Any CPU
	EndGlobalSection
	GlobalSection(ProjectConfigurationPlatforms) = postSolution
		{6AFB0969-216D-4DDF-9E8E-7D128CAB62F3}.Debug|Any CPU.ActiveCfg = Debug|Any CPU
		{6AFB0969-216D-4DDF-9E8E-7D128CAB62F3}.Debug|Any CPU.Build.0 = Debug|Any CPU
		{6AFB0969-216D-4DDF-9E8E-7D128CAB62F3}.Release|Any CPU.ActiveCfg = Release|Any CPU
		{6AFB0969-216D-4DDF-9E8E-7D128CAB62F3}.Release|Any CPU.Build.0 = Release|Any CPU
	EndGlobalSection
	GlobalSection(SolutionProperties) = preSolution
		HideSolutionNode = FALSE
	EndGlobalSection
	GlobalSection(ExtensibilityGlobals) = postSolution
		SolutionGuid = {8E594044-EDEE-45F7-B939-B632EB55A595}
	EndGlobalSection
EndGlobal
